// !$*UTF8*$!
{
	archiveVersion = 1;
	classes = {
	};
	objectVersion = 46;
	objects = {

/* Begin PBXBuildFile section */
		E31ACDF21D20AF54003423FC /* AppDelegate.swift in Sources */ = {isa = PBXBuildFile; fileRef = E31ACDF11D20AF54003423FC /* AppDelegate.swift */; };
		E31ACDF41D20AF54003423FC /* ViewController.swift in Sources */ = {isa = PBXBuildFile; fileRef = E31ACDF31D20AF54003423FC /* ViewController.swift */; };
		E31ACDF71D20AF54003423FC /* Main.storyboard in Resources */ = {isa = PBXBuildFile; fileRef = E31ACDF51D20AF54003423FC /* Main.storyboard */; };
		E31ACDF91D20AF54003423FC /* Assets.xcassets in Resources */ = {isa = PBXBuildFile; fileRef = E31ACDF81D20AF54003423FC /* Assets.xcassets */; };
		E31ACDFC1D20AF54003423FC /* LaunchScreen.storyboard in Resources */ = {isa = PBXBuildFile; fileRef = E31ACDFA1D20AF54003423FC /* LaunchScreen.storyboard */; };
		E31ACE041D20B2B6003423FC /* pokemon.csv in Resources */ = {isa = PBXBuildFile; fileRef = E31ACE031D20B2B6003423FC /* pokemon.csv */; };
/* End PBXBuildFile section */

/* Begin PBXFileReference section */
		E31ACDEE1D20AF54003423FC /* Pokedex.app */ = {isa = PBXFileReference; explicitFileType = wrapper.application; includeInIndex = 0; path = Pokedex.app; sourceTree = BUILT_PRODUCTS_DIR; };
		E31ACDF11D20AF54003423FC /* AppDelegate.swift */ = {isa = PBXFileReference; lastKnownFileType = sourcecode.swift; path = AppDelegate.swift; sourceTree = "<group>"; };
		E31ACDF31D20AF54003423FC /* ViewController.swift */ = {isa = PBXFileReference; lastKnownFileType = sourcecode.swift; path = ViewController.swift; sourceTree = "<group>"; };
		E31ACDF61D20AF54003423FC /* Base */ = {isa = PBXFileReference; lastKnownFileType = file.storyboard; name = Base; path = Base.lproj/Main.storyboard; sourceTree = "<group>"; };
		E31ACDF81D20AF54003423FC /* Assets.xcassets */ = {isa = PBXFileReference; lastKnownFileType = folder.assetcatalog; path = Assets.xcassets; sourceTree = "<group>"; };
		E31ACDFB1D20AF54003423FC /* Base */ = {isa = PBXFileReference; lastKnownFileType = file.storyboard; name = Base; path = Base.lproj/LaunchScreen.storyboard; sourceTree = "<group>"; };
		E31ACDFD1D20AF54003423FC /* Info.plist */ = {isa = PBXFileReference; lastKnownFileType = text.plist.xml; path = Info.plist; sourceTree = "<group>"; };
		E31ACE031D20B2B6003423FC /* pokemon.csv */ = {isa = PBXFileReference; fileEncoding = 4; lastKnownFileType = text; path = pokemon.csv; sourceTree = "<group>"; };
/* End PBXFileReference section */

/* Begin PBXFrameworksBuildPhase section */
		E31ACDEB1D20AF54003423FC /* Frameworks */ = {
			isa = PBXFrameworksBuildPhase;
			buildActionMask = 2147483647;
			files = (
			);
			runOnlyForDeploymentPostprocessing = 0;
		};
/* End PBXFrameworksBuildPhase section */

/* Begin PBXGroup section */
		E31ACDE51D20AF54003423FC = {
			isa = PBXGroup;
			children = (
				E31ACDF01D20AF54003423FC /* Pokedex */,
				E31ACDEF1D20AF54003423FC /* Products */,
			);
			sourceTree = "<group>";
		};
		E31ACDEF1D20AF54003423FC /* Products */ = {
			isa = PBXGroup;
			children = (
				E31ACDEE1D20AF54003423FC /* Pokedex.app */,
			);
			name = Products;
			sourceTree = "<group>";
		};
		E31ACDF01D20AF54003423FC /* Pokedex */ = {
			isa = PBXGroup;
			children = (
				E31ACDF11D20AF54003423FC /* AppDelegate.swift */,
				E31ACDF31D20AF54003423FC /* ViewController.swift */,
				E31ACE031D20B2B6003423FC /* pokemon.csv */,
				E31ACDF51D20AF54003423FC /* Main.storyboard */,
				E31ACDF81D20AF54003423FC /* Assets.xcassets */,
				E31ACDFA1D20AF54003423FC /* LaunchScreen.storyboard */,
				E31ACDFD1D20AF54003423FC /* Info.plist */,
			);
			path = Pokedex;
			sourceTree = "<group>";
		};
/* End PBXGroup section */

/* Begin PBXNativeTarget section */
		E31ACDED1D20AF54003423FC /* Pokedex */ = {
			isa = PBXNativeTarget;
			buildConfigurationList = E31ACE001D20AF54003423FC /* Build configuration list for PBXNativeTarget "Pokedex" */;
			buildPhases = (
				E31ACDEA1D20AF54003423FC /* Sources */,
				E31ACDEB1D20AF54003423FC /* Frameworks */,
				E31ACDEC1D20AF54003423FC /* Resources */,
			);
			buildRules = (
			);
			dependencies = (
			);
			name = Pokedex;
			productName = Pokedex;
			productReference = E31ACDEE1D20AF54003423FC /* Pokedex.app */;
			productType = "com.apple.product-type.application";
		};
/* End PBXNativeTarget section */

/* Begin PBXProject section */
		E31ACDE61D20AF54003423FC /* Project object */ = {
			isa = PBXProject;
			attributes = {
				LastSwiftUpdateCheck = 0730;
				LastUpgradeCheck = 0730;
				ORGANIZATIONNAME = "Bereket Ghebremedhin";
				TargetAttributes = {
					E31ACDED1D20AF54003423FC = {
						CreatedOnToolsVersion = 7.3.1;
					};
				};
			};
			buildConfigurationList = E31ACDE91D20AF54003423FC /* Build configuration list for PBXProject "Pokedex" */;
			compatibilityVersion = "Xcode 3.2";
			developmentRegion = English;
			hasScannedForEncodings = 0;
			knownRegions = (
				en,
				Base,
			);
			mainGroup = E31ACDE51D20AF54003423FC;
			productRefGroup = E31ACDEF1D20AF54003423FC /* Products */;
			projectDirPath = "";
			projectRoot = "";
			targets = (
				E31ACDED1D20AF54003423FC /* Pokedex */,
			);
		};
/* End PBXProject section */

/* Begin PBXResourcesBuildPhase section */
		E31ACDEC1D20AF54003423FC /* Resources */ = {
			isa = PBXResourcesBuildPhase;
			buildActionMask = 2147483647;
			files = (
				E31ACDFC1D20AF54003423FC /* LaunchScreen.storyboard in Resources */,
				E31ACDF91D20AF54003423FC /* Assets.xcassets in Resources */,
				E31ACE041D20B2B6003423FC /* pokemon.csv in Resources */,
				E31ACDF71D20AF54003423FC /* Main.storyboard in Resources */,
			);
			runOnlyForDeploymentPostprocessing = 0;
		};
/* End PBXResourcesBuildPhase section */

/* Begin PBXSourcesBuildPhase section */
		E31ACDEA1D20AF54003423FC /* Sources */ = {
			isa = PBXSourcesBuildPhase;
			buildActionMask = 2147483647;
			files = (
				E31ACDF41D20AF54003423FC /* ViewController.swift in Sources */,
				E31ACDF21D20AF54003423FC /* AppDelegate.swift in Sources */,
			);
			runOnlyForDeploymentPostprocessing = 0;
		};
/* End PBXSourcesBuildPhase section */

/* Begin PBXVariantGroup section */
		E31ACDF51D20AF54003423FC /* Main.storyboard */ = {
			isa = PBXVariantGroup;
			children = (
				E31ACDF61D20AF54003423FC /* Base */,
			);
			name = Main.storyboard;
			sourceTree = "<group>";
		};
		E31ACDFA1D20AF54003423FC /* LaunchScreen.storyboard */ = {
			isa = PBXVariantGroup;
			children = (
				E31ACDFB1D20AF54003423FC /* Base */,
			);
			name = LaunchScreen.storyboard;
			sourceTree = "<group>";
		};
/* End PBXVariantGroup section */

/* Begin XCBuildConfiguration section */
		E31ACDFE1D20AF54003423FC /* Debug */ = {
			isa = XCBuildConfiguration;
			buildSettings = {
				ALWAYS_SEARCH_USER_PATHS = NO;
				CLANG_ANALYZER_NONNULL = YES;
				CLANG_CXX_LANGUAGE_STANDARD = "gnu++0x";
				CLANG_CXX_LIBRARY = "libc++";
				CLANG_ENABLE_MODULES = YES;
				CLANG_ENABLE_OBJC_ARC = YES;
				CLANG_WARN_BOOL_CONVERSION = YES;
				CLANG_WARN_CONSTANT_CONVERSION = YES;
				CLANG_WARN_DIRECT_OBJC_ISA_USAGE = YES_ERROR;
				CLANG_WARN_EMPTY_BODY = YES;
				CLANG_WARN_ENUM_CONVERSION = YES;
				CLANG_WARN_INT_CONVERSION = YES;
				CLANG_WARN_OBJC_ROOT_CLASS = YES_ERROR;
				CLANG_WARN_UNREACHABLE_CODE = YES;
				CLANG_WARN__DUPLICATE_METHOD_MATCH = YES;
				"CODE_SIGN_IDENTITY[sdk=iphoneos*]" = "iPhone Developer";
				COPY_PHASE_STRIP = NO;
				DEBUG_INFORMATION_FORMAT = dwarf;
				ENABLE_STRICT_OBJC_MSGSEND = YES;
				ENABLE_TESTABILITY = YES;
				GCC_C_LANGUAGE_STANDARD = gnu99;
				GCC_DYNAMIC_NO_PIC = NO;
				GCC_NO_COMMON_BLOCKS = YES;
				GCC_OPTIMIZATION_LEVEL = 0;
				GCC_PREPROCESSOR_DEFINITIONS = (
					"DEBUG=1",
					"$(inherited)",
				);
				GCC_WARN_64_TO_32_BIT_CONVERSION = YES;
				GCC_WARN_ABOUT_RETURN_TYPE = YES_ERROR;
				GCC_WARN_UNDECLARED_SELECTOR = YES;
				GCC_WARN_UNINITIALIZED_AUTOS = YES_AGGRESSIVE;
				GCC_WARN_UNUSED_FUNCTION = YES;
				GCC_WARN_UNUSED_VARIABLE = YES;
				IPHONEOS_DEPLOYMENT_TARGET = 9.3;
				MTL_ENABLE_DEBUG_INFO = YES;
				ONLY_ACTIVE_ARCH = YES;
				SDKROOT = iphoneos;
				SWIFT_OPTIMIZATION_LEVEL = "-Onone";
				TARGETED_DEVICE_FAMILY = "1,2";
			};
			name = Debug;
		};
		E31ACDFF1D20AF54003423FC /* Release */ = {
			isa = XCBuildConfiguration;
			buildSettings = {
				ALWAYS_SEARCH_USER_PATHS = NO;
				CLANG_ANALYZER_NONNULL = YES;
				CLANG_CXX_LANGUAGE_STANDARD = "gnu++0x";
				CLANG_CXX_LIBRARY = "libc++";
				CLANG_ENABLE_MODULES = YES;
				CLANG_ENABLE_OBJC_ARC = YES;
				CLANG_WARN_BOOL_CONVERSION = YES;
				CLANG_WARN_CONSTANT_CONVERSION = YES;
				CLANG_WARN_DIRECT_OBJC_ISA_USAGE = YES_ERROR;
				CLANG_WARN_EMPTY_BODY = YES;
				CLANG_WARN_ENUM_CONVERSION = YES;
				CLANG_WARN_INT_CONVERSION = YES;
				CLANG_WARN_OBJC_ROOT_CLASS = YES_ERROR;
				CLANG_WARN_UNREACHABLE_CODE = YES;
				CLANG_WARN__DUPLICATE_METHOD_MATCH = YES;
				"CODE_SIGN_IDENTITY[sdk=iphoneos*]" = "iPhone Developer";
				COPY_PHASE_STRIP = NO;
				DEBUG_INFORMATION_FORMAT = "dwarf-with-dsym";
				ENABLE_NS_ASSERTIONS = NO;
				ENABLE_STRICT_OBJC_MSGSEND = YES;
				GCC_C_LANGUAGE_STANDARD = gnu99;
				GCC_NO_COMMON_BLOCKS = YES;
				GCC_WARN_64_TO_32_BIT_CONVERSION = YES;
				GCC_WARN_ABOUT_RETURN_TYPE = YES_ERROR;
				GCC_WARN_UNDECLARED_SELECTOR = YES;
				GCC_WARN_UNINITIALIZED_AUTOS = YES_AGGRESSIVE;
				GCC_WARN_UNUSED_FUNCTION = YES;
				GCC_WARN_UNUSED_VARIABLE = YES;
				IPHONEOS_DEPLOYMENT_TARGET = 9.3;
				MTL_ENABLE_DEBUG_INFO = NO;
				SDKROOT = iphoneos;
				TARGETED_DEVICE_FAMILY = "1,2";
				VALIDATE_PRODUCT = YES;
			};
			name = Release;
		};
		E31ACE011D20AF54003423FC /* Debug */ = {
			isa = XCBuildConfiguration;
			buildSettings = {
				ASSETCATALOG_COMPILER_APPICON_NAME = AppIcon;
				INFOPLIST_FILE = Pokedex/Info.plist;
				LD_RUNPATH_SEARCH_PATHS = "$(inherited) @executable_path/Frameworks";
				PRODUCT_BUNDLE_IDENTIFIER = com.Bereket.Pokedex;
				PRODUCT_NAME = "$(TARGET_NAME)";
			};
			name = Debug;
		};
		E31ACE021D20AF54003423FC /* Release */ = {
			isa = XCBuildConfiguration;
			buildSettings = {
				ASSETCATALOG_COMPILER_APPICON_NAME = AppIcon;
				INFOPLIST_FILE = Pokedex/Info.plist;
				LD_RUNPATH_SEARCH_PATHS = "$(inherited) @executable_path/Frameworks";
				PRODUCT_BUNDLE_IDENTIFIER = com.Bereket.Pokedex;
				PRODUCT_NAME = "$(TARGET_NAME)";
			};
			name = Release;
		};
/* End XCBuildConfiguration section */

/* Begin XCConfigurationList section */
		E31ACDE91D20AF54003423FC /* Build configuration list for PBXProject "Pokedex" */ = {
			isa = XCConfigurationList;
			buildConfigurations = (
				E31ACDFE1D20AF54003423FC /* Debug */,
				E31ACDFF1D20AF54003423FC /* Release */,
			);
			defaultConfigurationIsVisible = 0;
			defaultConfigurationName = Release;
		};
		E31ACE001D20AF54003423FC /* Build configuration list for PBXNativeTarget "Pokedex" */ = {
			isa = XCConfigurationList;
			buildConfigurations = (
				E31ACE011D20AF54003423FC /* Debug */,
				E31ACE021D20AF54003423FC /* Release */,
			);
			defaultConfigurationIsVisible = 0;
		};
/* End XCConfigurationList section */
	};
	rootObject = E31ACDE61D20AF54003423FC /* Project object */;
}
